
Microsoft Visual Studio Solution File, Format Version 12.00
# Visual Studio Version 17
VisualStudioVersion = 17.5.33627.172
MinimumVisualStudioVersion = 10.0.40219.1
Project("{FAE04EC0-301F-11D3-BF4B-00C04F79EFBC}") = "DistributedLocks", "DistributedLocks\DistributedLocks.csproj", "{ABB03A08-EF5E-4EE2-9D47-7DD80A362827}"
EndProject
Global
	GlobalSection(SolutionConfigurationPlatforms) = preSolution
		Debug|Any CPU = Debug|Any CPU
		Release|Any CPU = Release|Any CPU
	EndGlobalSection
	GlobalSection(ProjectConfigurationPlatforms) = postSolution
		{ABB03A08-EF5E-4EE2-9D47-7DD80A362827}.Debug|Any CPU.ActiveCfg = Debug|Any CPU
		{ABB03A08-EF5E-4EE2-9D47-7DD80A362827}.Debug|Any CPU.Build.0 = Debug|Any CPU
		{ABB03A08-EF5E-4EE2-9D47-7DD80A362827}.Release|Any CPU.ActiveCfg = Release|Any CPU
		{ABB03A08-EF5E-4EE2-9D47-7DD80A362827}.Release|Any CPU.Build.0 = Release|Any CPU
	EndGlobalSection
	GlobalSection(SolutionProperties) = preSolution
		HideSolutionNode = FALSE
	EndGlobalSection
	GlobalSection(ExtensibilityGlobals) = postSolution
		SolutionGuid = {1FE1E497-7A28-4216-906F-70C51F9A3734}
	EndGlobalSection
EndGlobal
